
Microsoft Visual Studio Solution File, Format Version 12.00
# Visual Studio Version 17
VisualStudioVersion = 17.5.002.0
MinimumVisualStudioVersion = 10.0.40219.1
Project("{2150E333-8FDC-42A3-9474-1A3956D46DE8}") = "csharp-prep", "csharp-prep", "{1772E3E0-641D-4680-92C5-CB67EA9150FC}"
EndProject
Project("{9A19103F-16F7-4668-BE54-9A1E7A4F7556}") = "Prep1", "csharp-prep\Prep1\Prep1.csproj", "{33F81A9D-C0E3-4D25-93D2-AC5857FD6D98}"
EndProject
Project("{9A19103F-16F7-4668-BE54-9A1E7A4F7556}") = "Prep2", "csharp-prep\Prep2\Prep2.csproj", "{8291D6A9-E69A-40F4-A4B9-54178C02FAFF}"
EndProject
Project("{9A19103F-16F7-4668-BE54-9A1E7A4F7556}") = "Prep3", "csharp-prep\Prep3\Prep3.csproj", "{A882483A-7E04-47B3-87E2-033047AE3B06}"
EndProject
Project("{9A19103F-16F7-4668-BE54-9A1E7A4F7556}") = "Prep4", "csharp-prep\Prep4\Prep4.csproj", "{2C80419B-6EFC-4DC1-8397-B1C9A9B8994C}"
EndProject
Project("{9A19103F-16F7-4668-BE54-9A1E7A4F7556}") = "Prep5", "csharp-prep\Prep5\Prep5.csproj", "{811AC699-9D27-45E8-A3E9-2090549AD6B9}"
EndProject
Project("{2150E333-8FDC-42A3-9474-1A3956D46DE8}") = "final", "final", "{59A0CDA2-C051-4506-8BA2-5B03B3B69123}"
EndProject
Project("{9A19103F-16F7-4668-BE54-9A1E7A4F7556}") = "FinalProject", "final\FinalProject\FinalProject.csproj", "{8F7CFD02-4A3B-454B-9207-6CC404A07E7C}"
EndProject
Project("{9A19103F-16F7-4668-BE54-9A1E7A4F7556}") = "Foundation1", "final\Foundation1\Foundation1.csproj", "{29B60189-4C56-4ACD-A218-77EB2DB9B7D2}"
EndProject
Project("{9A19103F-16F7-4668-BE54-9A1E7A4F7556}") = "Foundation2", "final\Foundation2\Foundation2.csproj", "{ADBCA43D-0750-46AC-92EF-BEE741A47D24}"
EndProject
Project("{9A19103F-16F7-4668-BE54-9A1E7A4F7556}") = "Foundation3", "final\Foundation3\Foundation3.csproj", "{DC5456AD-D085-4CAF-9D71-A0C86451C7F9}"
EndProject
Project("{9A19103F-16F7-4668-BE54-9A1E7A4F7556}") = "Foundation4", "final\Foundation4\Foundation4.csproj", "{56152392-73BE-4A1F-94F5-D7770061344A}"
EndProject
Project("{2150E333-8FDC-42A3-9474-1A3956D46DE8}") = "prepare", "prepare", "{F4DF28A4-84AA-4144-84D6-19F27F3C4F3C}"
EndProject
Project("{9A19103F-16F7-4668-BE54-9A1E7A4F7556}") = "Learning02", "prepare\Learning02\Learning02.csproj", "{99277F91-63A1-471D-9941-D5CDC1ED12D8}"
EndProject
Project("{9A19103F-16F7-4668-BE54-9A1E7A4F7556}") = "Learning03", "prepare\Learning03\Learning03.csproj", "{CD837DFA-3464-41C8-812D-E86629D04746}"
EndProject
Project("{9A19103F-16F7-4668-BE54-9A1E7A4F7556}") = "Learning04", "prepare\Learning04\Learning04.csproj", "{B8E2124B-055B-418B-AE08-01D71E6BDB4F}"
EndProject
Project("{9A19103F-16F7-4668-BE54-9A1E7A4F7556}") = "Learning05", "prepare\Learning05\Learning05.csproj", "{F58E0BB4-305F-4386-9C85-E5F1B1E5C5B0}"
EndProject
Project("{2150E333-8FDC-42A3-9474-1A3956D46DE8}") = "prove", "prove", "{00B4A3F5-3E5F-4C39-AEAE-3231FCA83CE9}"
EndProject
Project("{9A19103F-16F7-4668-BE54-9A1E7A4F7556}") = "Develop02", "prove\Develop02\Develop02.csproj", "{1A5FB152-2FD3-483C-A891-034522433980}"
EndProject
Project("{9A19103F-16F7-4668-BE54-9A1E7A4F7556}") = "Develop03", "prove\Develop03\Develop03.csproj", "{94145ADF-338C-439A-9CC1-54CDE9EC0726}"
EndProject
Project("{9A19103F-16F7-4668-BE54-9A1E7A4F7556}") = "Develop04", "prove\Develop04\Develop04.csproj", "{3462B1A9-4CDB-401F-86EA-AD35AC05FD4C}"
EndProject
Project("{9A19103F-16F7-4668-BE54-9A1E7A4F7556}") = "Develop05", "prove\Develop05\Develop05.csproj", "{D6F7B7DC-1884-4447-8B55-1A41F393B85F}"
EndProject
Project("{2150E333-8FDC-42A3-9474-1A3956D46DE8}") = "sandbox", "sandbox", "{C64726F3-BC90-45BE-ADCE-5043FFA2E64F}"
EndProject
Project("{9A19103F-16F7-4668-BE54-9A1E7A4F7556}") = "Sandbox", "sandbox\Sandbox\Sandbox.csproj", "{E0CA0EE0-5786-4175-91E4-C49957A2CC60}"
EndProject
Global
	GlobalSection(SolutionConfigurationPlatforms) = preSolution
		Debug|Any CPU = Debug|Any CPU
		Release|Any CPU = Release|Any CPU
	EndGlobalSection
	GlobalSection(ProjectConfigurationPlatforms) = postSolution
		{33F81A9D-C0E3-4D25-93D2-AC5857FD6D98}.Debug|Any CPU.ActiveCfg = Debug|Any CPU
		{33F81A9D-C0E3-4D25-93D2-AC5857FD6D98}.Debug|Any CPU.Build.0 = Debug|Any CPU
		{33F81A9D-C0E3-4D25-93D2-AC5857FD6D98}.Release|Any CPU.ActiveCfg = Release|Any CPU
		{33F81A9D-C0E3-4D25-93D2-AC5857FD6D98}.Release|Any CPU.Build.0 = Release|Any CPU
		{8291D6A9-E69A-40F4-A4B9-54178C02FAFF}.Debug|Any CPU.ActiveCfg = Debug|Any CPU
		{8291D6A9-E69A-40F4-A4B9-54178C02FAFF}.Debug|Any CPU.Build.0 = Debug|Any CPU
		{8291D6A9-E69A-40F4-A4B9-54178C02FAFF}.Release|Any CPU.ActiveCfg = Release|Any CPU
		{8291D6A9-E69A-40F4-A4B9-54178C02FAFF}.Release|Any CPU.Build.0 = Release|Any CPU
		{A882483A-7E04-47B3-87E2-033047AE3B06}.Debug|Any CPU.ActiveCfg = Debug|Any CPU
		{A882483A-7E04-47B3-87E2-033047AE3B06}.Debug|Any CPU.Build.0 = Debug|Any CPU
		{A882483A-7E04-47B3-87E2-033047AE3B06}.Release|Any CPU.ActiveCfg = Release|Any CPU
		{A882483A-7E04-47B3-87E2-033047AE3B06}.Release|Any CPU.Build.0 = Release|Any CPU
		{2C80419B-6EFC-4DC1-8397-B1C9A9B8994C}.Debug|Any CPU.ActiveCfg = Debug|Any CPU
		{2C80419B-6EFC-4DC1-8397-B1C9A9B8994C}.Debug|Any CPU.Build.0 = Debug|Any CPU
		{2C80419B-6EFC-4DC1-8397-B1C9A9B8994C}.Release|Any CPU.ActiveCfg = Release|Any CPU
		{2C80419B-6EFC-4DC1-8397-B1C9A9B8994C}.Release|Any CPU.Build.0 = Release|Any CPU
		{811AC699-9D27-45E8-A3E9-2090549AD6B9}.Debug|Any CPU.ActiveCfg = Debug|Any CPU
		{811AC699-9D27-45E8-A3E9-2090549AD6B9}.Debug|Any CPU.Build.0 = Debug|Any CPU
		{811AC699-9D27-45E8-A3E9-2090549AD6B9}.Release|Any CPU.ActiveCfg = Release|Any CPU
		{811AC699-9D27-45E8-A3E9-2090549AD6B9}.Release|Any CPU.Build.0 = Release|Any CPU
		{8F7CFD02-4A3B-454B-9207-6CC404A07E7C}.Debug|Any CPU.ActiveCfg = Debug|Any CPU
		{8F7CFD02-4A3B-454B-9207-6CC404A07E7C}.Debug|Any CPU.Build.0 = Debug|Any CPU
		{8F7CFD02-4A3B-454B-9207-6CC404A07E7C}.Release|Any CPU.ActiveCfg = Release|Any CPU
		{8F7CFD02-4A3B-454B-9207-6CC404A07E7C}.Release|Any CPU.Build.0 = Release|Any CPU
		{29B60189-4C56-4ACD-A218-77EB2DB9B7D2}.Debug|Any CPU.ActiveCfg = Debug|Any CPU
		{29B60189-4C56-4ACD-A218-77EB2DB9B7D2}.Debug|Any CPU.Build.0 = Debug|Any CPU
		{29B60189-4C56-4ACD-A218-77EB2DB9B7D2}.Release|Any CPU.ActiveCfg = Release|Any CPU
		{29B60189-4C56-4ACD-A218-77EB2DB9B7D2}.Release|Any CPU.Build.0 = Release|Any CPU
		{ADBCA43D-0750-46AC-92EF-BEE741A47D24}.Debug|Any CPU.ActiveCfg = Debug|Any CPU
		{ADBCA43D-0750-46AC-92EF-BEE741A47D24}.Debug|Any CPU.Build.0 = Debug|Any CPU
		{ADBCA43D-0750-46AC-92EF-BEE741A47D24}.Release|Any CPU.ActiveCfg = Release|Any CPU
		{ADBCA43D-0750-46AC-92EF-BEE741A47D24}.Release|Any CPU.Build.0 = Release|Any CPU
		{DC5456AD-D085-4CAF-9D71-A0C86451C7F9}.Debug|Any CPU.ActiveCfg = Debug|Any CPU
		{DC5456AD-D085-4CAF-9D71-A0C86451C7F9}.Debug|Any CPU.Build.0 = Debug|Any CPU
		{DC5456AD-D085-4CAF-9D71-A0C86451C7F9}.Release|Any CPU.ActiveCfg = Release|Any CPU
		{DC5456AD-D085-4CAF-9D71-A0C86451C7F9}.Release|Any CPU.Build.0 = Release|Any CPU
		{56152392-73BE-4A1F-94F5-D7770061344A}.Debug|Any CPU.ActiveCfg = Debug|Any CPU
		{56152392-73BE-4A1F-94F5-D7770061344A}.Debug|Any CPU.Build.0 = Debug|Any CPU
		{56152392-73BE-4A1F-94F5-D7770061344A}.Release|Any CPU.ActiveCfg = Release|Any CPU
		{56152392-73BE-4A1F-94F5-D7770061344A}.Release|Any CPU.Build.0 = Release|Any CPU
		{99277F91-63A1-471D-9941-D5CDC1ED12D8}.Debug|Any CPU.ActiveCfg = Debug|Any CPU
		{99277F91-63A1-471D-9941-D5CDC1ED12D8}.Debug|Any CPU.Build.0 = Debug|Any CPU
		{99277F91-63A1-471D-9941-D5CDC1ED12D8}.Release|Any CPU.ActiveCfg = Release|Any CPU
		{99277F91-63A1-471D-9941-D5CDC1ED12D8}.Release|Any CPU.Build.0 = Release|Any CPU
		{CD837DFA-3464-41C8-812D-E86629D04746}.Debug|Any CPU.ActiveCfg = Debug|Any CPU
		{CD837DFA-3464-41C8-812D-E86629D04746}.Debug|Any CPU.Build.0 = Debug|Any CPU
		{CD837DFA-3464-41C8-812D-E86629D04746}.Release|Any CPU.ActiveCfg = Release|Any CPU
		{CD837DFA-3464-41C8-812D-E86629D04746}.Release|Any CPU.Build.0 = Release|Any CPU
		{B8E2124B-055B-418B-AE08-01D71E6BDB4F}.Debug|Any CPU.ActiveCfg = Debug|Any CPU
		{B8E2124B-055B-418B-AE08-01D71E6BDB4F}.Debug|Any CPU.Build.0 = Debug|Any CPU
		{B8E2124B-055B-418B-AE08-01D71E6BDB4F}.Release|Any CPU.ActiveCfg = Release|Any CPU
		{B8E2124B-055B-418B-AE08-01D71E6BDB4F}.Release|Any CPU.Build.0 = Release|Any CPU
		{F58E0BB4-305F-4386-9C85-E5F1B1E5C5B0}.Debug|Any CPU.ActiveCfg = Debug|Any CPU
		{F58E0BB4-305F-4386-9C85-E5F1B1E5C5B0}.Debug|Any CPU.Build.0 = Debug|Any CPU
		{F58E0BB4-305F-4386-9C85-E5F1B1E5C5B0}.Release|Any CPU.ActiveCfg = Release|Any CPU
		{F58E0BB4-305F-4386-9C85-E5F1B1E5C5B0}.Release|Any CPU.Build.0 = Release|Any CPU
		{1A5FB152-2FD3-483C-A891-034522433980}.Debug|Any CPU.ActiveCfg = Debug|Any CPU
		{1A5FB152-2FD3-483C-A891-034522433980}.Debug|Any CPU.Build.0 = Debug|Any CPU
		{1A5FB152-2FD3-483C-A891-034522433980}.Release|Any CPU.ActiveCfg = Release|Any CPU
		{1A5FB152-2FD3-483C-A891-034522433980}.Release|Any CPU.Build.0 = Release|Any CPU
		{94145ADF-338C-439A-9CC1-54CDE9EC0726}.Debug|Any CPU.ActiveCfg = Debug|Any CPU
		{94145ADF-338C-439A-9CC1-54CDE9EC0726}.Debug|Any CPU.Build.0 = Debug|Any CPU
		{94145ADF-338C-439A-9CC1-54CDE9EC0726}.Release|Any CPU.ActiveCfg = Release|Any CPU
		{94145ADF-338C-439A-9CC1-54CDE9EC0726}.Release|Any CPU.Build.0 = Release|Any CPU
		{3462B1A9-4CDB-401F-86EA-AD35AC05FD4C}.Debug|Any CPU.ActiveCfg = Debug|Any CPU
		{3462B1A9-4CDB-401F-86EA-AD35AC05FD4C}.Debug|Any CPU.Build.0 = Debug|Any CPU
		{3462B1A9-4CDB-401F-86EA-AD35AC05FD4C}.Release|Any CPU.ActiveCfg = Release|Any CPU
		{3462B1A9-4CDB-401F-86EA-AD35AC05FD4C}.Release|Any CPU.Build.0 = Release|Any CPU
		{D6F7B7DC-1884-4447-8B55-1A41F393B85F}.Debug|Any CPU.ActiveCfg = Debug|Any CPU
		{D6F7B7DC-1884-4447-8B55-1A41F393B85F}.Debug|Any CPU.Build.0 = Debug|Any CPU
		{D6F7B7DC-1884-4447-8B55-1A41F393B85F}.Release|Any CPU.ActiveCfg = Release|Any CPU
		{D6F7B7DC-1884-4447-8B55-1A41F393B85F}.Release|Any CPU.Build.0 = Release|Any CPU
		{E0CA0EE0-5786-4175-91E4-C49957A2CC60}.Debug|Any CPU.ActiveCfg = Debug|Any CPU
		{E0CA0EE0-5786-4175-91E4-C49957A2CC60}.Debug|Any CPU.Build.0 = Debug|Any CPU
		{E0CA0EE0-5786-4175-91E4-C49957A2CC60}.Release|Any CPU.ActiveCfg = Release|Any CPU
		{E0CA0EE0-5786-4175-91E4-C49957A2CC60}.Release|Any CPU.Build.0 = Release|Any CPU
	EndGlobalSection
	GlobalSection(SolutionProperties) = preSolution
		HideSolutionNode = FALSE
	EndGlobalSection
	GlobalSection(NestedProjects) = preSolution
		{33F81A9D-C0E3-4D25-93D2-AC5857FD6D98} = {1772E3E0-641D-4680-92C5-CB67EA9150FC}
		{8291D6A9-E69A-40F4-A4B9-54178C02FAFF} = {1772E3E0-641D-4680-92C5-CB67EA9150FC}
		{A882483A-7E04-47B3-87E2-033047AE3B06} = {1772E3E0-641D-4680-92C5-CB67EA9150FC}
		{2C80419B-6EFC-4DC1-8397-B1C9A9B8994C} = {1772E3E0-641D-4680-92C5-CB67EA9150FC}
		{811AC699-9D27-45E8-A3E9-2090549AD6B9} = {1772E3E0-641D-4680-92C5-CB67EA9150FC}
		{8F7CFD02-4A3B-454B-9207-6CC404A07E7C} = {59A0CDA2-C051-4506-8BA2-5B03B3B69123}
		{29B60189-4C56-4ACD-A218-77EB2DB9B7D2} = {59A0CDA2-C051-4506-8BA2-5B03B3B69123}
		{ADBCA43D-0750-46AC-92EF-BEE741A47D24} = {59A0CDA2-C051-4506-8BA2-5B03B3B69123}
		{DC5456AD-D085-4CAF-9D71-A0C86451C7F9} = {59A0CDA2-C051-4506-8BA2-5B03B3B69123}
		{56152392-73BE-4A1F-94F5-D7770061344A} = {59A0CDA2-C051-4506-8BA2-5B03B3B69123}
		{99277F91-63A1-471D-9941-D5CDC1ED12D8} = {F4DF28A4-84AA-4144-84D6-19F27F3C4F3C}
		{CD837DFA-3464-41C8-812D-E86629D04746} = {F4DF28A4-84AA-4144-84D6-19F27F3C4F3C}
		{B8E2124B-055B-418B-AE08-01D71E6BDB4F} = {F4DF28A4-84AA-4144-84D6-19F27F3C4F3C}
		{F58E0BB4-305F-4386-9C85-E5F1B1E5C5B0} = {F4DF28A4-84AA-4144-84D6-19F27F3C4F3C}
		{1A5FB152-2FD3-483C-A891-034522433980} = {00B4A3F5-3E5F-4C39-AEAE-3231FCA83CE9}
		{94145ADF-338C-439A-9CC1-54CDE9EC0726} = {00B4A3F5-3E5F-4C39-AEAE-3231FCA83CE9}
		{3462B1A9-4CDB-401F-86EA-AD35AC05FD4C} = {00B4A3F5-3E5F-4C39-AEAE-3231FCA83CE9}
		{D6F7B7DC-1884-4447-8B55-1A41F393B85F} = {00B4A3F5-3E5F-4C39-AEAE-3231FCA83CE9}
		{E0CA0EE0-5786-4175-91E4-C49957A2CC60} = {C64726F3-BC90-45BE-ADCE-5043FFA2E64F}
	EndGlobalSection
	GlobalSection(ExtensibilityGlobals) = postSolution
		SolutionGuid = {BAB8EDBB-94D1-4282-AB17-65682661DF15}
	EndGlobalSection
EndGlobal
